// !$*UTF8*$!
{
	archiveVersion = 1;
	classes = {
	};
	objectVersion = 46;
	objects = {

/* Begin PBXBuildFile section */
		6F2CF5B1198B33D200C55E22 /* SSRecordViewController.m in Sources */ = {isa = PBXBuildFile; fileRef = 6F2CF5B0198B33D200C55E22 /* SSRecordViewController.m */; };
		6F2CF5B4198B33DC00C55E22 /* SSListenViewController.m in Sources */ = {isa = PBXBuildFile; fileRef = 6F2CF5B3198B33DC00C55E22 /* SSListenViewController.m */; };
		6F2CF5B9198B395300C55E22 /* SSSettingsViewController.m in Sources */ = {isa = PBXBuildFile; fileRef = 6F2CF5B8198B395300C55E22 /* SSSettingsViewController.m */; };
		6F96E7A7198C87BD002BF60A /* SSHelper.m in Sources */ = {isa = PBXBuildFile; fileRef = 6F96E7A6198C87BD002BF60A /* SSHelper.m */; };
		6F96E7AA198D5F72002BF60A /* Security.framework in Frameworks */ = {isa = PBXBuildFile; fileRef = 6F96E7A9198D5F72002BF60A /* Security.framework */; };
		6F96E7AC198D5F7A002BF60A /* CFNetwork.framework in Frameworks */ = {isa = PBXBuildFile; fileRef = 6F96E7AB198D5F7A002BF60A /* CFNetwork.framework */; };
		6F96E7AE198D5F82002BF60A /* SystemConfiguration.framework in Frameworks */ = {isa = PBXBuildFile; fileRef = 6F96E7AD198D5F82002BF60A /* SystemConfiguration.framework */; };
		6F96E7B0198D5F8A002BF60A /* QuartzCore.framework in Frameworks */ = {isa = PBXBuildFile; fileRef = 6F96E7AF198D5F8A002BF60A /* QuartzCore.framework */; };
		6F96E7B2198D5F98002BF60A /* libc++.dylib in Frameworks */ = {isa = PBXBuildFile; fileRef = 6F96E7B1198D5F98002BF60A /* libc++.dylib */; };
		6F96E7B4198D5FA1002BF60A /* libz.dylib in Frameworks */ = {isa = PBXBuildFile; fileRef = 6F96E7B3198D5FA1002BF60A /* libz.dylib */; };
		6F96E7BB198D69F7002BF60A /* Dropbox.framework in Frameworks */ = {isa = PBXBuildFile; fileRef = 6F96E7BA198D69F7002BF60A /* Dropbox.framework */; };
		6F96E7C2198DC4E5002BF60A /* SSDropboxChooser.m in Sources */ = {isa = PBXBuildFile; fileRef = 6F96E7C1198DC4E5002BF60A /* SSDropboxChooser.m */; };
		6F96E7C5198EB872002BF60A /* SSDropboxHelper.m in Sources */ = {isa = PBXBuildFile; fileRef = 6F96E7C4198EB872002BF60A /* SSDropboxHelper.m */; };
		FF6C3B3D1989F58C002475F6 /* Foundation.framework in Frameworks */ = {isa = PBXBuildFile; fileRef = FF6C3B3C1989F58C002475F6 /* Foundation.framework */; };
		FF6C3B3F1989F58C002475F6 /* CoreGraphics.framework in Frameworks */ = {isa = PBXBuildFile; fileRef = FF6C3B3E1989F58C002475F6 /* CoreGraphics.framework */; };
		FF6C3B411989F58C002475F6 /* UIKit.framework in Frameworks */ = {isa = PBXBuildFile; fileRef = FF6C3B401989F58C002475F6 /* UIKit.framework */; };
		FF6C3B471989F58C002475F6 /* InfoPlist.strings in Resources */ = {isa = PBXBuildFile; fileRef = FF6C3B451989F58C002475F6 /* InfoPlist.strings */; };
		FF6C3B491989F58C002475F6 /* main.m in Sources */ = {isa = PBXBuildFile; fileRef = FF6C3B481989F58C002475F6 /* main.m */; };
		FF6C3B4D1989F58C002475F6 /* SSAppDelegate.m in Sources */ = {isa = PBXBuildFile; fileRef = FF6C3B4C1989F58C002475F6 /* SSAppDelegate.m */; };
		FF6C3B4F1989F58C002475F6 /* Images.xcassets in Resources */ = {isa = PBXBuildFile; fileRef = FF6C3B4E1989F58C002475F6 /* Images.xcassets */; };
		FF6C3B561989F58D002475F6 /* XCTest.framework in Frameworks */ = {isa = PBXBuildFile; fileRef = FF6C3B551989F58D002475F6 /* XCTest.framework */; };
		FF6C3B571989F58D002475F6 /* Foundation.framework in Frameworks */ = {isa = PBXBuildFile; fileRef = FF6C3B3C1989F58C002475F6 /* Foundation.framework */; };
		FF6C3B581989F58D002475F6 /* UIKit.framework in Frameworks */ = {isa = PBXBuildFile; fileRef = FF6C3B401989F58C002475F6 /* UIKit.framework */; };
		FF6C3B601989F58D002475F6 /* InfoPlist.strings in Resources */ = {isa = PBXBuildFile; fileRef = FF6C3B5E1989F58D002475F6 /* InfoPlist.strings */; };
		FF6C3B621989F58D002475F6 /* SoundspeedTests.m in Sources */ = {isa = PBXBuildFile; fileRef = FF6C3B611989F58D002475F6 /* SoundspeedTests.m */; };
		FF6C3B701989F753002475F6 /* SSTabBarController.m in Sources */ = {isa = PBXBuildFile; fileRef = FF6C3B6F1989F753002475F6 /* SSTabBarController.m */; };
		FF6C3B731989F8CC002475F6 /* SSStylesheet.m in Sources */ = {isa = PBXBuildFile; fileRef = FF6C3B721989F8CC002475F6 /* SSStylesheet.m */; };
		FF6C3B761989FD20002475F6 /* SSTabBar.m in Sources */ = {isa = PBXBuildFile; fileRef = FF6C3B751989FD20002475F6 /* SSTabBar.m */; };
/* End PBXBuildFile section */

/* Begin PBXContainerItemProxy section */
		FF6C3B591989F58D002475F6 /* PBXContainerItemProxy */ = {
			isa = PBXContainerItemProxy;
			containerPortal = FF6C3B311989F58C002475F6 /* Project object */;
			proxyType = 1;
			remoteGlobalIDString = FF6C3B381989F58C002475F6;
			remoteInfo = Soundspeed;
		};
/* End PBXContainerItemProxy section */

/* Begin PBXFileReference section */
		6F2CF5AF198B33D200C55E22 /* SSRecordViewController.h */ = {isa = PBXFileReference; fileEncoding = 4; lastKnownFileType = sourcecode.c.h; path = SSRecordViewController.h; sourceTree = "<group>"; };
		6F2CF5B0198B33D200C55E22 /* SSRecordViewController.m */ = {isa = PBXFileReference; fileEncoding = 4; lastKnownFileType = sourcecode.c.objc; path = SSRecordViewController.m; sourceTree = "<group>"; };
		6F2CF5B2198B33DC00C55E22 /* SSListenViewController.h */ = {isa = PBXFileReference; fileEncoding = 4; lastKnownFileType = sourcecode.c.h; path = SSListenViewController.h; sourceTree = "<group>"; };
		6F2CF5B3198B33DC00C55E22 /* SSListenViewController.m */ = {isa = PBXFileReference; fileEncoding = 4; lastKnownFileType = sourcecode.c.objc; path = SSListenViewController.m; sourceTree = "<group>"; };
		6F2CF5B7198B395300C55E22 /* SSSettingsViewController.h */ = {isa = PBXFileReference; fileEncoding = 4; lastKnownFileType = sourcecode.c.h; path = SSSettingsViewController.h; sourceTree = "<group>"; };
		6F2CF5B8198B395300C55E22 /* SSSettingsViewController.m */ = {isa = PBXFileReference; fileEncoding = 4; lastKnownFileType = sourcecode.c.objc; path = SSSettingsViewController.m; sourceTree = "<group>"; };
		6F96E7A5198C87BD002BF60A /* SSHelper.h */ = {isa = PBXFileReference; fileEncoding = 4; lastKnownFileType = sourcecode.c.h; path = SSHelper.h; sourceTree = "<group>"; };
		6F96E7A6198C87BD002BF60A /* SSHelper.m */ = {isa = PBXFileReference; fileEncoding = 4; lastKnownFileType = sourcecode.c.objc; path = SSHelper.m; sourceTree = "<group>"; };
		6F96E7A9198D5F72002BF60A /* Security.framework */ = {isa = PBXFileReference; lastKnownFileType = wrapper.framework; name = Security.framework; path = System/Library/Frameworks/Security.framework; sourceTree = SDKROOT; };
		6F96E7AB198D5F7A002BF60A /* CFNetwork.framework */ = {isa = PBXFileReference; lastKnownFileType = wrapper.framework; name = CFNetwork.framework; path = System/Library/Frameworks/CFNetwork.framework; sourceTree = SDKROOT; };
		6F96E7AD198D5F82002BF60A /* SystemConfiguration.framework */ = {isa = PBXFileReference; lastKnownFileType = wrapper.framework; name = SystemConfiguration.framework; path = System/Library/Frameworks/SystemConfiguration.framework; sourceTree = SDKROOT; };
		6F96E7AF198D5F8A002BF60A /* QuartzCore.framework */ = {isa = PBXFileReference; lastKnownFileType = wrapper.framework; name = QuartzCore.framework; path = System/Library/Frameworks/QuartzCore.framework; sourceTree = SDKROOT; };
		6F96E7B1198D5F98002BF60A /* libc++.dylib */ = {isa = PBXFileReference; lastKnownFileType = "compiled.mach-o.dylib"; name = "libc++.dylib"; path = "usr/lib/libc++.dylib"; sourceTree = SDKROOT; };
		6F96E7B3198D5FA1002BF60A /* libz.dylib */ = {isa = PBXFileReference; lastKnownFileType = "compiled.mach-o.dylib"; name = libz.dylib; path = usr/lib/libz.dylib; sourceTree = SDKROOT; };
		6F96E7BA198D69F7002BF60A /* Dropbox.framework */ = {isa = PBXFileReference; lastKnownFileType = wrapper.framework; name = Dropbox.framework; path = Soundspeed/Frameworks/Dropbox.framework; sourceTree = "<group>"; };
		6F96E7C0198DC4E5002BF60A /* SSDropboxChooser.h */ = {isa = PBXFileReference; fileEncoding = 4; lastKnownFileType = sourcecode.c.h; name = SSDropboxChooser.h; path = ../SSDropboxChooser.h; sourceTree = "<group>"; };
		6F96E7C1198DC4E5002BF60A /* SSDropboxChooser.m */ = {isa = PBXFileReference; fileEncoding = 4; lastKnownFileType = sourcecode.c.objc; name = SSDropboxChooser.m; path = ../SSDropboxChooser.m; sourceTree = "<group>"; };
		6F96E7C3198EB872002BF60A /* SSDropboxHelper.h */ = {isa = PBXFileReference; fileEncoding = 4; lastKnownFileType = sourcecode.c.h; path = SSDropboxHelper.h; sourceTree = "<group>"; };
		6F96E7C4198EB872002BF60A /* SSDropboxHelper.m */ = {isa = PBXFileReference; fileEncoding = 4; lastKnownFileType = sourcecode.c.objc; path = SSDropboxHelper.m; sourceTree = "<group>"; };
		FF6C3B391989F58C002475F6 /* Soundspeed.app */ = {isa = PBXFileReference; explicitFileType = wrapper.application; includeInIndex = 0; path = Soundspeed.app; sourceTree = BUILT_PRODUCTS_DIR; };
		FF6C3B3C1989F58C002475F6 /* Foundation.framework */ = {isa = PBXFileReference; lastKnownFileType = wrapper.framework; name = Foundation.framework; path = System/Library/Frameworks/Foundation.framework; sourceTree = SDKROOT; };
		FF6C3B3E1989F58C002475F6 /* CoreGraphics.framework */ = {isa = PBXFileReference; lastKnownFileType = wrapper.framework; name = CoreGraphics.framework; path = System/Library/Frameworks/CoreGraphics.framework; sourceTree = SDKROOT; };
		FF6C3B401989F58C002475F6 /* UIKit.framework */ = {isa = PBXFileReference; lastKnownFileType = wrapper.framework; name = UIKit.framework; path = System/Library/Frameworks/UIKit.framework; sourceTree = SDKROOT; };
		FF6C3B441989F58C002475F6 /* Soundspeed-Info.plist */ = {isa = PBXFileReference; lastKnownFileType = text.plist.xml; path = "Soundspeed-Info.plist"; sourceTree = "<group>"; };
		FF6C3B461989F58C002475F6 /* en */ = {isa = PBXFileReference; lastKnownFileType = text.plist.strings; name = en; path = en.lproj/InfoPlist.strings; sourceTree = "<group>"; };
		FF6C3B481989F58C002475F6 /* main.m */ = {isa = PBXFileReference; lastKnownFileType = sourcecode.c.objc; path = main.m; sourceTree = "<group>"; };
		FF6C3B4A1989F58C002475F6 /* Soundspeed-Prefix.pch */ = {isa = PBXFileReference; lastKnownFileType = sourcecode.c.h; path = "Soundspeed-Prefix.pch"; sourceTree = "<group>"; };
		FF6C3B4B1989F58C002475F6 /* SSAppDelegate.h */ = {isa = PBXFileReference; lastKnownFileType = sourcecode.c.h; path = SSAppDelegate.h; sourceTree = "<group>"; };
		FF6C3B4C1989F58C002475F6 /* SSAppDelegate.m */ = {isa = PBXFileReference; lastKnownFileType = sourcecode.c.objc; path = SSAppDelegate.m; sourceTree = "<group>"; };
		FF6C3B4E1989F58C002475F6 /* Images.xcassets */ = {isa = PBXFileReference; lastKnownFileType = folder.assetcatalog; path = Images.xcassets; sourceTree = "<group>"; };
		FF6C3B541989F58D002475F6 /* SoundspeedTests.xctest */ = {isa = PBXFileReference; explicitFileType = wrapper.cfbundle; includeInIndex = 0; path = SoundspeedTests.xctest; sourceTree = BUILT_PRODUCTS_DIR; };
		FF6C3B551989F58D002475F6 /* XCTest.framework */ = {isa = PBXFileReference; lastKnownFileType = wrapper.framework; name = XCTest.framework; path = Library/Frameworks/XCTest.framework; sourceTree = DEVELOPER_DIR; };
		FF6C3B5D1989F58D002475F6 /* SoundspeedTests-Info.plist */ = {isa = PBXFileReference; lastKnownFileType = text.plist.xml; path = "SoundspeedTests-Info.plist"; sourceTree = "<group>"; };
		FF6C3B5F1989F58D002475F6 /* en */ = {isa = PBXFileReference; lastKnownFileType = text.plist.strings; name = en; path = en.lproj/InfoPlist.strings; sourceTree = "<group>"; };
		FF6C3B611989F58D002475F6 /* SoundspeedTests.m */ = {isa = PBXFileReference; lastKnownFileType = sourcecode.c.objc; path = SoundspeedTests.m; sourceTree = "<group>"; };
		FF6C3B6E1989F753002475F6 /* SSTabBarController.h */ = {isa = PBXFileReference; fileEncoding = 4; lastKnownFileType = sourcecode.c.h; path = SSTabBarController.h; sourceTree = "<group>"; };
		FF6C3B6F1989F753002475F6 /* SSTabBarController.m */ = {isa = PBXFileReference; fileEncoding = 4; lastKnownFileType = sourcecode.c.objc; path = SSTabBarController.m; sourceTree = "<group>"; };
		FF6C3B711989F8CC002475F6 /* SSStylesheet.h */ = {isa = PBXFileReference; fileEncoding = 4; lastKnownFileType = sourcecode.c.h; path = SSStylesheet.h; sourceTree = "<group>"; };
		FF6C3B721989F8CC002475F6 /* SSStylesheet.m */ = {isa = PBXFileReference; fileEncoding = 4; lastKnownFileType = sourcecode.c.objc; path = SSStylesheet.m; sourceTree = "<group>"; };
		FF6C3B741989FD20002475F6 /* SSTabBar.h */ = {isa = PBXFileReference; fileEncoding = 4; lastKnownFileType = sourcecode.c.h; path = SSTabBar.h; sourceTree = "<group>"; };
		FF6C3B751989FD20002475F6 /* SSTabBar.m */ = {isa = PBXFileReference; fileEncoding = 4; lastKnownFileType = sourcecode.c.objc; path = SSTabBar.m; sourceTree = "<group>"; };
/* End PBXFileReference section */

/* Begin PBXFrameworksBuildPhase section */
		FF6C3B361989F58C002475F6 /* Frameworks */ = {
			isa = PBXFrameworksBuildPhase;
			buildActionMask = 2147483647;
			files = (
				6F96E7B4198D5FA1002BF60A /* libz.dylib in Frameworks */,
				6F96E7B2198D5F98002BF60A /* libc++.dylib in Frameworks */,
				6F96E7B0198D5F8A002BF60A /* QuartzCore.framework in Frameworks */,
				6F96E7AE198D5F82002BF60A /* SystemConfiguration.framework in Frameworks */,
				6F96E7AC198D5F7A002BF60A /* CFNetwork.framework in Frameworks */,
				6F96E7AA198D5F72002BF60A /* Security.framework in Frameworks */,
				FF6C3B3F1989F58C002475F6 /* CoreGraphics.framework in Frameworks */,
				6F96E7BB198D69F7002BF60A /* Dropbox.framework in Frameworks */,
				FF6C3B411989F58C002475F6 /* UIKit.framework in Frameworks */,
				FF6C3B3D1989F58C002475F6 /* Foundation.framework in Frameworks */,
			);
			runOnlyForDeploymentPostprocessing = 0;
		};
		FF6C3B511989F58D002475F6 /* Frameworks */ = {
			isa = PBXFrameworksBuildPhase;
			buildActionMask = 2147483647;
			files = (
				FF6C3B561989F58D002475F6 /* XCTest.framework in Frameworks */,
				FF6C3B581989F58D002475F6 /* UIKit.framework in Frameworks */,
				FF6C3B571989F58D002475F6 /* Foundation.framework in Frameworks */,
			);
			runOnlyForDeploymentPostprocessing = 0;
		};
/* End PBXFrameworksBuildPhase section */

/* Begin PBXGroup section */
		6F2CF5B5198B33EF00C55E22 /* Views */ = {
			isa = PBXGroup;
			children = (
				6F96E7C0198DC4E5002BF60A /* SSDropboxChooser.h */,
				6F96E7C1198DC4E5002BF60A /* SSDropboxChooser.m */,
				FF6C3B741989FD20002475F6 /* SSTabBar.h */,
				FF6C3B751989FD20002475F6 /* SSTabBar.m */,
			);
			name = Views;
			sourceTree = "<group>";
		};
		6F2CF5B6198B33F400C55E22 /* View Controllers */ = {
			isa = PBXGroup;
			children = (
				6F2CF5B7198B395300C55E22 /* SSSettingsViewController.h */,
				6F2CF5B8198B395300C55E22 /* SSSettingsViewController.m */,
				6F2CF5AF198B33D200C55E22 /* SSRecordViewController.h */,
				6F2CF5B0198B33D200C55E22 /* SSRecordViewController.m */,
				6F2CF5B2198B33DC00C55E22 /* SSListenViewController.h */,
				6F2CF5B3198B33DC00C55E22 /* SSListenViewController.m */,
				FF6C3B6E1989F753002475F6 /* SSTabBarController.h */,
				FF6C3B6F1989F753002475F6 /* SSTabBarController.m */,
			);
			name = "View Controllers";
			sourceTree = "<group>";
		};
		6F96E7A8198C8803002BF60A /* Helpers */ = {
			isa = PBXGroup;
			children = (
				6F96E7C3198EB872002BF60A /* SSDropboxHelper.h */,
				6F96E7C4198EB872002BF60A /* SSDropboxHelper.m */,
				6F96E7A5198C87BD002BF60A /* SSHelper.h */,
				6F96E7A6198C87BD002BF60A /* SSHelper.m */,
				FF6C3B711989F8CC002475F6 /* SSStylesheet.h */,
				FF6C3B721989F8CC002475F6 /* SSStylesheet.m */,
			);
			name = Helpers;
			sourceTree = "<group>";
		};
		FF6C3B301989F58C002475F6 = {
			isa = PBXGroup;
			children = (
				FF6C3B421989F58C002475F6 /* Soundspeed */,
				FF6C3B3B1989F58C002475F6 /* Frameworks */,
				FF6C3B3A1989F58C002475F6 /* Products */,
			);
			sourceTree = "<group>";
		};
		FF6C3B3A1989F58C002475F6 /* Products */ = {
			isa = PBXGroup;
			children = (
				FF6C3B391989F58C002475F6 /* Soundspeed.app */,
				FF6C3B541989F58D002475F6 /* SoundspeedTests.xctest */,
			);
			name = Products;
			sourceTree = "<group>";
		};
		FF6C3B3B1989F58C002475F6 /* Frameworks */ = {
			isa = PBXGroup;
			children = (
				6F96E7BA198D69F7002BF60A /* Dropbox.framework */,
				6F96E7B3198D5FA1002BF60A /* libz.dylib */,
				6F96E7B1198D5F98002BF60A /* libc++.dylib */,
				6F96E7AF198D5F8A002BF60A /* QuartzCore.framework */,
				6F96E7AD198D5F82002BF60A /* SystemConfiguration.framework */,
				6F96E7AB198D5F7A002BF60A /* CFNetwork.framework */,
				6F96E7A9198D5F72002BF60A /* Security.framework */,
				FF6C3B3C1989F58C002475F6 /* Foundation.framework */,
				FF6C3B3E1989F58C002475F6 /* CoreGraphics.framework */,
				FF6C3B401989F58C002475F6 /* UIKit.framework */,
				FF6C3B551989F58D002475F6 /* XCTest.framework */,
			);
			name = Frameworks;
			sourceTree = "<group>";
		};
		FF6C3B421989F58C002475F6 /* Soundspeed */ = {
			isa = PBXGroup;
			children = (
				6F96E7A8198C8803002BF60A /* Helpers */,
				FF6C3B4B1989F58C002475F6 /* SSAppDelegate.h */,
				FF6C3B4C1989F58C002475F6 /* SSAppDelegate.m */,
				6F2CF5B6198B33F400C55E22 /* View Controllers */,
				6F2CF5B5198B33EF00C55E22 /* Views */,
				FF6C3B5B1989F58D002475F6 /* SoundspeedTests */,
				FF6C3B4E1989F58C002475F6 /* Images.xcassets */,
				FF6C3B431989F58C002475F6 /* Supporting Files */,
			);
			path = Soundspeed;
			sourceTree = "<group>";
		};
		FF6C3B431989F58C002475F6 /* Supporting Files */ = {
			isa = PBXGroup;
			children = (
				FF6C3B441989F58C002475F6 /* Soundspeed-Info.plist */,
				FF6C3B451989F58C002475F6 /* InfoPlist.strings */,
				FF6C3B481989F58C002475F6 /* main.m */,
				FF6C3B4A1989F58C002475F6 /* Soundspeed-Prefix.pch */,
			);
			name = "Supporting Files";
			sourceTree = "<group>";
		};
		FF6C3B5B1989F58D002475F6 /* SoundspeedTests */ = {
			isa = PBXGroup;
			children = (
				FF6C3B611989F58D002475F6 /* SoundspeedTests.m */,
				FF6C3B5C1989F58D002475F6 /* Supporting Files */,
			);
			path = SoundspeedTests;
			sourceTree = SOURCE_ROOT;
		};
		FF6C3B5C1989F58D002475F6 /* Supporting Files */ = {
			isa = PBXGroup;
			children = (
				FF6C3B5D1989F58D002475F6 /* SoundspeedTests-Info.plist */,
				FF6C3B5E1989F58D002475F6 /* InfoPlist.strings */,
			);
			name = "Supporting Files";
			sourceTree = "<group>";
		};
/* End PBXGroup section */

/* Begin PBXNativeTarget section */
		FF6C3B381989F58C002475F6 /* Soundspeed */ = {
			isa = PBXNativeTarget;
			buildConfigurationList = FF6C3B651989F58D002475F6 /* Build configuration list for PBXNativeTarget "Soundspeed" */;
			buildPhases = (
				FF6C3B351989F58C002475F6 /* Sources */,
				FF6C3B361989F58C002475F6 /* Frameworks */,
				FF6C3B371989F58C002475F6 /* Resources */,
			);
			buildRules = (
			);
			dependencies = (
			);
			name = Soundspeed;
			productName = Soundspeed;
			productReference = FF6C3B391989F58C002475F6 /* Soundspeed.app */;
			productType = "com.apple.product-type.application";
		};
		FF6C3B531989F58D002475F6 /* SoundspeedTests */ = {
			isa = PBXNativeTarget;
			buildConfigurationList = FF6C3B681989F58D002475F6 /* Build configuration list for PBXNativeTarget "SoundspeedTests" */;
			buildPhases = (
				FF6C3B501989F58D002475F6 /* Sources */,
				FF6C3B511989F58D002475F6 /* Frameworks */,
				FF6C3B521989F58D002475F6 /* Resources */,
			);
			buildRules = (
			);
			dependencies = (
				FF6C3B5A1989F58D002475F6 /* PBXTargetDependency */,
			);
			name = SoundspeedTests;
			productName = SoundspeedTests;
			productReference = FF6C3B541989F58D002475F6 /* SoundspeedTests.xctest */;
			productType = "com.apple.product-type.bundle.unit-test";
		};
/* End PBXNativeTarget section */

/* Begin PBXProject section */
		FF6C3B311989F58C002475F6 /* Project object */ = {
			isa = PBXProject;
			attributes = {
				CLASSPREFIX = SS;
				LastUpgradeCheck = 0510;
				ORGANIZATIONNAME = "Clay Jones";
				TargetAttributes = {
					FF6C3B381989F58C002475F6 = {
						SystemCapabilities = {
							com.apple.BackgroundModes = {
								enabled = 1;
							};
						};
					};
					FF6C3B531989F58D002475F6 = {
						TestTargetID = FF6C3B381989F58C002475F6;
					};
				};
			};
			buildConfigurationList = FF6C3B341989F58C002475F6 /* Build configuration list for PBXProject "Soundspeed" */;
			compatibilityVersion = "Xcode 3.2";
			developmentRegion = English;
			hasScannedForEncodings = 0;
			knownRegions = (
				en,
			);
			mainGroup = FF6C3B301989F58C002475F6;
			productRefGroup = FF6C3B3A1989F58C002475F6 /* Products */;
			projectDirPath = "";
			projectRoot = "";
			targets = (
				FF6C3B381989F58C002475F6 /* Soundspeed */,
				FF6C3B531989F58D002475F6 /* SoundspeedTests */,
			);
		};
/* End PBXProject section */

/* Begin PBXResourcesBuildPhase section */
		FF6C3B371989F58C002475F6 /* Resources */ = {
			isa = PBXResourcesBuildPhase;
			buildActionMask = 2147483647;
			files = (
				FF6C3B471989F58C002475F6 /* InfoPlist.strings in Resources */,
				FF6C3B4F1989F58C002475F6 /* Images.xcassets in Resources */,
			);
			runOnlyForDeploymentPostprocessing = 0;
		};
		FF6C3B521989F58D002475F6 /* Resources */ = {
			isa = PBXResourcesBuildPhase;
			buildActionMask = 2147483647;
			files = (
				FF6C3B601989F58D002475F6 /* InfoPlist.strings in Resources */,
			);
			runOnlyForDeploymentPostprocessing = 0;
		};
/* End PBXResourcesBuildPhase section */

/* Begin PBXSourcesBuildPhase section */
		FF6C3B351989F58C002475F6 /* Sources */ = {
			isa = PBXSourcesBuildPhase;
			buildActionMask = 2147483647;
			files = (
				FF6C3B4D1989F58C002475F6 /* SSAppDelegate.m in Sources */,
				6F2CF5B4198B33DC00C55E22 /* SSListenViewController.m in Sources */,
				6F96E7C5198EB872002BF60A /* SSDropboxHelper.m in Sources */,
				6F96E7A7198C87BD002BF60A /* SSHelper.m in Sources */,
				FF6C3B731989F8CC002475F6 /* SSStylesheet.m in Sources */,
				6F2CF5B9198B395300C55E22 /* SSSettingsViewController.m in Sources */,
				FF6C3B701989F753002475F6 /* SSTabBarController.m in Sources */,
				6F96E7C2198DC4E5002BF60A /* SSDropboxChooser.m in Sources */,
				FF6C3B761989FD20002475F6 /* SSTabBar.m in Sources */,
				FF6C3B491989F58C002475F6 /* main.m in Sources */,
				6F2CF5B1198B33D200C55E22 /* SSRecordViewController.m in Sources */,
			);
			runOnlyForDeploymentPostprocessing = 0;
		};
		FF6C3B501989F58D002475F6 /* Sources */ = {
			isa = PBXSourcesBuildPhase;
			buildActionMask = 2147483647;
			files = (
				FF6C3B621989F58D002475F6 /* SoundspeedTests.m in Sources */,
			);
			runOnlyForDeploymentPostprocessing = 0;
		};
/* End PBXSourcesBuildPhase section */

/* Begin PBXTargetDependency section */
		FF6C3B5A1989F58D002475F6 /* PBXTargetDependency */ = {
			isa = PBXTargetDependency;
			target = FF6C3B381989F58C002475F6 /* Soundspeed */;
			targetProxy = FF6C3B591989F58D002475F6 /* PBXContainerItemProxy */;
		};
/* End PBXTargetDependency section */

/* Begin PBXVariantGroup section */
		FF6C3B451989F58C002475F6 /* InfoPlist.strings */ = {
			isa = PBXVariantGroup;
			children = (
				FF6C3B461989F58C002475F6 /* en */,
			);
			name = InfoPlist.strings;
			sourceTree = "<group>";
		};
		FF6C3B5E1989F58D002475F6 /* InfoPlist.strings */ = {
			isa = PBXVariantGroup;
			children = (
				FF6C3B5F1989F58D002475F6 /* en */,
			);
			name = InfoPlist.strings;
			sourceTree = "<group>";
		};
/* End PBXVariantGroup section */

/* Begin XCBuildConfiguration section */
		FF6C3B631989F58D002475F6 /* Debug */ = {
			isa = XCBuildConfiguration;
			buildSettings = {
				ALWAYS_SEARCH_USER_PATHS = NO;
				CLANG_CXX_LANGUAGE_STANDARD = "gnu++0x";
				CLANG_CXX_LIBRARY = "libc++";
				CLANG_ENABLE_MODULES = YES;
				CLANG_ENABLE_OBJC_ARC = YES;
				CLANG_WARN_BOOL_CONVERSION = YES;
				CLANG_WARN_CONSTANT_CONVERSION = YES;
				CLANG_WARN_DIRECT_OBJC_ISA_USAGE = YES_ERROR;
				CLANG_WARN_EMPTY_BODY = YES;
				CLANG_WARN_ENUM_CONVERSION = YES;
				CLANG_WARN_INT_CONVERSION = YES;
				CLANG_WARN_OBJC_ROOT_CLASS = YES_ERROR;
				CLANG_WARN__DUPLICATE_METHOD_MATCH = YES;
				"CODE_SIGN_IDENTITY[sdk=iphoneos*]" = "iPhone Developer";
				COPY_PHASE_STRIP = NO;
				GCC_C_LANGUAGE_STANDARD = gnu99;
				GCC_DYNAMIC_NO_PIC = NO;
				GCC_OPTIMIZATION_LEVEL = 0;
				GCC_PREPROCESSOR_DEFINITIONS = (
					"DEBUG=1",
					"$(inherited)",
				);
				GCC_SYMBOLS_PRIVATE_EXTERN = NO;
				GCC_WARN_64_TO_32_BIT_CONVERSION = YES;
				GCC_WARN_ABOUT_RETURN_TYPE = YES_ERROR;
				GCC_WARN_UNDECLARED_SELECTOR = YES;
				GCC_WARN_UNINITIALIZED_AUTOS = YES_AGGRESSIVE;
				GCC_WARN_UNUSED_FUNCTION = YES;
				GCC_WARN_UNUSED_VARIABLE = YES;
				IPHONEOS_DEPLOYMENT_TARGET = 7.1;
				ONLY_ACTIVE_ARCH = YES;
				SDKROOT = iphoneos;
				TARGETED_DEVICE_FAMILY = "1,2";
			};
			name = Debug;
		};
		FF6C3B641989F58D002475F6 /* Release */ = {
			isa = XCBuildConfiguration;
			buildSettings = {
				ALWAYS_SEARCH_USER_PATHS = NO;
				CLANG_CXX_LANGUAGE_STANDARD = "gnu++0x";
				CLANG_CXX_LIBRARY = "libc++";
				CLANG_ENABLE_MODULES = YES;
				CLANG_ENABLE_OBJC_ARC = YES;
				CLANG_WARN_BOOL_CONVERSION = YES;
				CLANG_WARN_CONSTANT_CONVERSION = YES;
				CLANG_WARN_DIRECT_OBJC_ISA_USAGE = YES_ERROR;
				CLANG_WARN_EMPTY_BODY = YES;
				CLANG_WARN_ENUM_CONVERSION = YES;
				CLANG_WARN_INT_CONVERSION = YES;
				CLANG_WARN_OBJC_ROOT_CLASS = YES_ERROR;
				CLANG_WARN__DUPLICATE_METHOD_MATCH = YES;
				"CODE_SIGN_IDENTITY[sdk=iphoneos*]" = "iPhone Developer";
				COPY_PHASE_STRIP = YES;
				ENABLE_NS_ASSERTIONS = NO;
				GCC_C_LANGUAGE_STANDARD = gnu99;
				GCC_WARN_64_TO_32_BIT_CONVERSION = YES;
				GCC_WARN_ABOUT_RETURN_TYPE = YES_ERROR;
				GCC_WARN_UNDECLARED_SELECTOR = YES;
				GCC_WARN_UNINITIALIZED_AUTOS = YES_AGGRESSIVE;
				GCC_WARN_UNUSED_FUNCTION = YES;
				GCC_WARN_UNUSED_VARIABLE = YES;
				IPHONEOS_DEPLOYMENT_TARGET = 7.1;
				SDKROOT = iphoneos;
				TARGETED_DEVICE_FAMILY = "1,2";
				VALIDATE_PRODUCT = YES;
			};
			name = Release;
		};
		FF6C3B661989F58D002475F6 /* Debug */ = {
			isa = XCBuildConfiguration;
			buildSettings = {
				ASSETCATALOG_COMPILER_APPICON_NAME = AppIcon;
				ASSETCATALOG_COMPILER_LAUNCHIMAGE_NAME = LaunchImage;
				FRAMEWORK_SEARCH_PATHS = (
					"$(inherited)",
					"/Users/clay/Downloads/dropbox-ios-sync-sdk-3.0.2",
					"$(PROJECT_DIR)",
				);
				GCC_PRECOMPILE_PREFIX_HEADER = YES;
				GCC_PREFIX_HEADER = "Soundspeed/Soundspeed-Prefix.pch";
				INFOPLIST_FILE = "Soundspeed/Soundspeed-Info.plist";
				PRODUCT_NAME = "$(TARGET_NAME)";
				WRAPPER_EXTENSION = app;
			};
			name = Debug;
		};
		FF6C3B671989F58D002475F6 /* Release */ = {
			isa = XCBuildConfiguration;
			buildSettings = {
				ASSETCATALOG_COMPILER_APPICON_NAME = AppIcon;
				ASSETCATALOG_COMPILER_LAUNCHIMAGE_NAME = LaunchImage;
				FRAMEWORK_SEARCH_PATHS = (
					"$(inherited)",
					"/Users/clay/Downloads/dropbox-ios-sync-sdk-3.0.2",
					"$(PROJECT_DIR)",
				);
				GCC_PRECOMPILE_PREFIX_HEADER = YES;
				GCC_PREFIX_HEADER = "Soundspeed/Soundspeed-Prefix.pch";
				INFOPLIST_FILE = "Soundspeed/Soundspeed-Info.plist";
				PRODUCT_NAME = "$(TARGET_NAME)";
				WRAPPER_EXTENSION = app;
			};
			name = Release;
		};
		FF6C3B691989F58D002475F6 /* Debug */ = {
			isa = XCBuildConfiguration;
			buildSettings = {
				BUNDLE_LOADER = "$(BUILT_PRODUCTS_DIR)/Soundspeed.app/Soundspeed";
				FRAMEWORK_SEARCH_PATHS = (
					"$(SDKROOT)/Developer/Library/Frameworks",
					"$(inherited)",
					"$(DEVELOPER_FRAMEWORKS_DIR)",
				);
				GCC_PRECOMPILE_PREFIX_HEADER = YES;
				GCC_PREFIX_HEADER = "Soundspeed/Soundspeed-Prefix.pch";
				GCC_PREPROCESSOR_DEFINITIONS = (
					"DEBUG=1",
					"$(inherited)",
				);
				INFOPLIST_FILE = "SoundspeedTests/SoundspeedTests-Info.plist";
				PRODUCT_NAME = "$(TARGET_NAME)";
				TEST_HOST = "$(BUNDLE_LOADER)";
				WRAPPER_EXTENSION = xctest;
			};
			name = Debug;
		};
		FF6C3B6A1989F58D002475F6 /* Release */ = {
			isa = XCBuildConfiguration;
			buildSettings = {
				BUNDLE_LOADER = "$(BUILT_PRODUCTS_DIR)/Soundspeed.app/Soundspeed";
				FRAMEWORK_SEARCH_PATHS = (
					"$(SDKROOT)/Developer/Library/Frameworks",
					"$(inherited)",
					"$(DEVELOPER_FRAMEWORKS_DIR)",
				);
				GCC_PRECOMPILE_PREFIX_HEADER = YES;
				GCC_PREFIX_HEADER = "Soundspeed/Soundspeed-Prefix.pch";
				INFOPLIST_FILE = "SoundspeedTests/SoundspeedTests-Info.plist";
				PRODUCT_NAME = "$(TARGET_NAME)";
				TEST_HOST = "$(BUNDLE_LOADER)";
				WRAPPER_EXTENSION = xctest;
			};
			name = Release;
		};
/* End XCBuildConfiguration section */

/* Begin XCConfigurationList section */
		FF6C3B341989F58C002475F6 /* Build configuration list for PBXProject "Soundspeed" */ = {
			isa = XCConfigurationList;
			buildConfigurations = (
				FF6C3B631989F58D002475F6 /* Debug */,
				FF6C3B641989F58D002475F6 /* Release */,
			);
			defaultConfigurationIsVisible = 0;
			defaultConfigurationName = Release;
		};
		FF6C3B651989F58D002475F6 /* Build configuration list for PBXNativeTarget "Soundspeed" */ = {
			isa = XCConfigurationList;
			buildConfigurations = (
				FF6C3B661989F58D002475F6 /* Debug */,
				FF6C3B671989F58D002475F6 /* Release */,
			);
			defaultConfigurationIsVisible = 0;
			defaultConfigurationName = Release;
		};
		FF6C3B681989F58D002475F6 /* Build configuration list for PBXNativeTarget "SoundspeedTests" */ = {
			isa = XCConfigurationList;
			buildConfigurations = (
				FF6C3B691989F58D002475F6 /* Debug */,
				FF6C3B6A1989F58D002475F6 /* Release */,
			);
			defaultConfigurationIsVisible = 0;
			defaultConfigurationName = Release;
		};
/* End XCConfigurationList section */
	};
	rootObject = FF6C3B311989F58C002475F6 /* Project object */;
}
